// !$*UTF8*$!
{
	archiveVersion = 1;
	classes = {
	};
	objectVersion = 55;
	objects = {

/* Begin PBXBuildFile section */
		0B10F4C8283D977100F32C7D /* HeroHeaderUIView.swift in Sources */ = {isa = PBXBuildFile; fileRef = 0B10F4C7283D977100F32C7D /* HeroHeaderUIView.swift */; };
		0B25674628554FEC00C14847 /* SearchResultsViewController.swift in Sources */ = {isa = PBXBuildFile; fileRef = 0B25674528554FEC00C14847 /* SearchResultsViewController.swift */; };
		0B61118C284559F70055B48B /* TitleCollectionViewCell.swift in Sources */ = {isa = PBXBuildFile; fileRef = 0B61118B284559F70055B48B /* TitleCollectionViewCell.swift */; };
		0B61118F28455C0D0055B48B /* SDWebImage in Frameworks */ = {isa = PBXBuildFile; productRef = 0B61118E28455C0D0055B48B /* SDWebImage */; };
		0B61119128455C0D0055B48B /* SDWebImageMapKit in Frameworks */ = {isa = PBXBuildFile; productRef = 0B61119028455C0D0055B48B /* SDWebImageMapKit */; };
		0B8EC53F283707EF0073F483 /* AppDelegate.swift in Sources */ = {isa = PBXBuildFile; fileRef = 0B8EC53E283707EF0073F483 /* AppDelegate.swift */; };
		0B8EC541283707EF0073F483 /* SceneDelegate.swift in Sources */ = {isa = PBXBuildFile; fileRef = 0B8EC540283707EF0073F483 /* SceneDelegate.swift */; };
		0B8EC543283707EF0073F483 /*  MainTabBarViewController.swift in Sources */ = {isa = PBXBuildFile; fileRef = 0B8EC542283707EF0073F483 /*  MainTabBarViewController.swift */; };
		0B8EC548283707F00073F483 /* Assets.xcassets in Resources */ = {isa = PBXBuildFile; fileRef = 0B8EC547283707F00073F483 /* Assets.xcassets */; };
		0B8EC54B283707F00073F483 /* LaunchScreen.storyboard in Resources */ = {isa = PBXBuildFile; fileRef = 0B8EC549283707F00073F483 /* LaunchScreen.storyboard */; };
		0B8EC55428370D690073F483 /* HomeViewController.swift in Sources */ = {isa = PBXBuildFile; fileRef = 0B8EC55328370D690073F483 /* HomeViewController.swift */; };
		0B8EC55628370D900073F483 /* UpcomingViewController.swift in Sources */ = {isa = PBXBuildFile; fileRef = 0B8EC55528370D900073F483 /* UpcomingViewController.swift */; };
		0B8EC55828370DD30073F483 /* SearchViewController.swift in Sources */ = {isa = PBXBuildFile; fileRef = 0B8EC55728370DD30073F483 /* SearchViewController.swift */; };
		0B8EC55A28370E000073F483 /* DownloadsViewController.swift in Sources */ = {isa = PBXBuildFile; fileRef = 0B8EC55928370E000073F483 /* DownloadsViewController.swift */; };
		0B9744BF284D67A300A23D24 /* TitleTableViewCell.swift in Sources */ = {isa = PBXBuildFile; fileRef = 0B9744BE284D67A300A23D24 /* TitleTableViewCell.swift */; };
		0B9744C1284D6BD500A23D24 /* TitleViewModel.swift in Sources */ = {isa = PBXBuildFile; fileRef = 0B9744C0284D6BD500A23D24 /* TitleViewModel.swift */; };
		0BE6227928442445004226C3 /* APICaller.swift in Sources */ = {isa = PBXBuildFile; fileRef = 0BE6227828442445004226C3 /* APICaller.swift */; };
		0BE6227B28442999004226C3 /* Title.swift in Sources */ = {isa = PBXBuildFile; fileRef = 0BE6227A28442999004226C3 /* Title.swift */; };
		0BE6227D284430EC004226C3 /* Extensions.swift in Sources */ = {isa = PBXBuildFile; fileRef = 0BE6227C284430EC004226C3 /* Extensions.swift */; };
		0BF74F43283C5280009E4569 /* CollectionViewTableViewCell.swift in Sources */ = {isa = PBXBuildFile; fileRef = 0BF74F42283C5280009E4569 /* CollectionViewTableViewCell.swift */; };
/* End PBXBuildFile section */

/* Begin PBXFileReference section */
		0B10F4C7283D977100F32C7D /* HeroHeaderUIView.swift */ = {isa = PBXFileReference; lastKnownFileType = sourcecode.swift; path = HeroHeaderUIView.swift; sourceTree = "<group>"; };
		0B25674528554FEC00C14847 /* SearchResultsViewController.swift */ = {isa = PBXFileReference; lastKnownFileType = sourcecode.swift; path = SearchResultsViewController.swift; sourceTree = "<group>"; };
		0B61118B284559F70055B48B /* TitleCollectionViewCell.swift */ = {isa = PBXFileReference; lastKnownFileType = sourcecode.swift; path = TitleCollectionViewCell.swift; sourceTree = "<group>"; };
		0B8EC53B283707EF0073F483 /* Netflix Clone.app */ = {isa = PBXFileReference; explicitFileType = wrapper.application; includeInIndex = 0; path = "Netflix Clone.app"; sourceTree = BUILT_PRODUCTS_DIR; };
		0B8EC53E283707EF0073F483 /* AppDelegate.swift */ = {isa = PBXFileReference; lastKnownFileType = sourcecode.swift; path = AppDelegate.swift; sourceTree = "<group>"; };
		0B8EC540283707EF0073F483 /* SceneDelegate.swift */ = {isa = PBXFileReference; lastKnownFileType = sourcecode.swift; path = SceneDelegate.swift; sourceTree = "<group>"; };
		0B8EC542283707EF0073F483 /*  MainTabBarViewController.swift */ = {isa = PBXFileReference; lastKnownFileType = sourcecode.swift; path = " MainTabBarViewController.swift"; sourceTree = "<group>"; };
		0B8EC547283707F00073F483 /* Assets.xcassets */ = {isa = PBXFileReference; lastKnownFileType = folder.assetcatalog; path = Assets.xcassets; sourceTree = "<group>"; };
		0B8EC54A283707F00073F483 /* Base */ = {isa = PBXFileReference; lastKnownFileType = file.storyboard; name = Base; path = Base.lproj/LaunchScreen.storyboard; sourceTree = "<group>"; };
		0B8EC54C283707F00073F483 /* Info.plist */ = {isa = PBXFileReference; lastKnownFileType = text.plist.xml; path = Info.plist; sourceTree = "<group>"; };
		0B8EC55328370D690073F483 /* HomeViewController.swift */ = {isa = PBXFileReference; lastKnownFileType = sourcecode.swift; path = HomeViewController.swift; sourceTree = "<group>"; };
		0B8EC55528370D900073F483 /* UpcomingViewController.swift */ = {isa = PBXFileReference; lastKnownFileType = sourcecode.swift; path = UpcomingViewController.swift; sourceTree = "<group>"; };
		0B8EC55728370DD30073F483 /* SearchViewController.swift */ = {isa = PBXFileReference; lastKnownFileType = sourcecode.swift; path = SearchViewController.swift; sourceTree = "<group>"; };
		0B8EC55928370E000073F483 /* DownloadsViewController.swift */ = {isa = PBXFileReference; lastKnownFileType = sourcecode.swift; path = DownloadsViewController.swift; sourceTree = "<group>"; };
		0B9744BE284D67A300A23D24 /* TitleTableViewCell.swift */ = {isa = PBXFileReference; lastKnownFileType = sourcecode.swift; path = TitleTableViewCell.swift; sourceTree = "<group>"; };
		0B9744C0284D6BD500A23D24 /* TitleViewModel.swift */ = {isa = PBXFileReference; lastKnownFileType = sourcecode.swift; path = TitleViewModel.swift; sourceTree = "<group>"; };
		0BE6227828442445004226C3 /* APICaller.swift */ = {isa = PBXFileReference; lastKnownFileType = sourcecode.swift; path = APICaller.swift; sourceTree = "<group>"; };
		0BE6227A28442999004226C3 /* Title.swift */ = {isa = PBXFileReference; lastKnownFileType = sourcecode.swift; path = Title.swift; sourceTree = "<group>"; };
		0BE6227C284430EC004226C3 /* Extensions.swift */ = {isa = PBXFileReference; lastKnownFileType = sourcecode.swift; path = Extensions.swift; sourceTree = "<group>"; };
		0BF74F42283C5280009E4569 /* CollectionViewTableViewCell.swift */ = {isa = PBXFileReference; lastKnownFileType = sourcecode.swift; path = CollectionViewTableViewCell.swift; sourceTree = "<group>"; };
/* End PBXFileReference section */

/* Begin PBXFrameworksBuildPhase section */
		0B8EC538283707EF0073F483 /* Frameworks */ = {
			isa = PBXFrameworksBuildPhase;
			buildActionMask = 2147483647;
			files = (
				0B61119128455C0D0055B48B /* SDWebImageMapKit in Frameworks */,
				0B61118F28455C0D0055B48B /* SDWebImage in Frameworks */,
			);
			runOnlyForDeploymentPostprocessing = 0;
		};
/* End PBXFrameworksBuildPhase section */

/* Begin PBXGroup section */
		0B2567472855502600C14847 /* Core */ = {
			isa = PBXGroup;
			children = (
				0B8EC55328370D690073F483 /* HomeViewController.swift */,
				0B8EC55928370E000073F483 /* DownloadsViewController.swift */,
				0B8EC55528370D900073F483 /* UpcomingViewController.swift */,
				0B8EC55728370DD30073F483 /* SearchViewController.swift */,
				0B8EC542283707EF0073F483 /*  MainTabBarViewController.swift */,
			);
			path = Core;
			sourceTree = "<group>";
		};
		0B2567482855505E00C14847 /* General */ = {
			isa = PBXGroup;
			children = (
				0B25674528554FEC00C14847 /* SearchResultsViewController.swift */,
			);
			path = General;
			sourceTree = "<group>";
		};
		0B8EC532283707EF0073F483 = {
			isa = PBXGroup;
			children = (
				0B8EC53D283707EF0073F483 /* Netflix Clone */,
				0B8EC53C283707EF0073F483 /* Products */,
			);
			sourceTree = "<group>";
		};
		0B8EC53C283707EF0073F483 /* Products */ = {
			isa = PBXGroup;
			children = (
				0B8EC53B283707EF0073F483 /* Netflix Clone.app */,
			);
			name = Products;
			sourceTree = "<group>";
		};
		0B8EC53D283707EF0073F483 /* Netflix Clone */ = {
			isa = PBXGroup;
			children = (
				0BF74F41283C5245009E4569 /* Managers */,
				0BF74F40283C523A009E4569 /* Resources */,
				0BF74F3D283C514D009E4569 /* Models */,
				0BF74F3E283C5177009E4569 /* Views */,
				0BF74F3F283C5182009E4569 /* ViewModels */,
				0B8EC55228370D340073F483 /* Controllers */,
				0B8EC53E283707EF0073F483 /* AppDelegate.swift */,
				0B8EC540283707EF0073F483 /* SceneDelegate.swift */,
				0B8EC547283707F00073F483 /* Assets.xcassets */,
				0B8EC549283707F00073F483 /* LaunchScreen.storyboard */,
				0B8EC54C283707F00073F483 /* Info.plist */,
			);
			path = "Netflix Clone";
			sourceTree = "<group>";
		};
		0B8EC55228370D340073F483 /* Controllers */ = {
			isa = PBXGroup;
			children = (
				0B2567482855505E00C14847 /* General */,
				0B2567472855502600C14847 /* Core */,
			);
			path = Controllers;
			sourceTree = "<group>";
		};
		0BF74F3D283C514D009E4569 /* Models */ = {
			isa = PBXGroup;
			children = (
				0BE6227A28442999004226C3 /* Title.swift */,
			);
			path = Models;
			sourceTree = "<group>";
		};
		0BF74F3E283C5177009E4569 /* Views */ = {
			isa = PBXGroup;
			children = (
				0BF74F42283C5280009E4569 /* CollectionViewTableViewCell.swift */,
				0B10F4C7283D977100F32C7D /* HeroHeaderUIView.swift */,
				0B61118B284559F70055B48B /* TitleCollectionViewCell.swift */,
				0B9744BE284D67A300A23D24 /* TitleTableViewCell.swift */,
			);
			path = Views;
			sourceTree = "<group>";
		};
		0BF74F3F283C5182009E4569 /* ViewModels */ = {
			isa = PBXGroup;
			children = (
				0B9744C0284D6BD500A23D24 /* TitleViewModel.swift */,
			);
			path = ViewModels;
			sourceTree = "<group>";
		};
		0BF74F40283C523A009E4569 /* Resources */ = {
			isa = PBXGroup;
			children = (
				0BE6227C284430EC004226C3 /* Extensions.swift */,
			);
			path = Resources;
			sourceTree = "<group>";
		};
		0BF74F41283C5245009E4569 /* Managers */ = {
			isa = PBXGroup;
			children = (
				0BE6227828442445004226C3 /* APICaller.swift */,
			);
			path = Managers;
			sourceTree = "<group>";
		};
/* End PBXGroup section */

/* Begin PBXNativeTarget section */
		0B8EC53A283707EF0073F483 /* Netflix Clone */ = {
			isa = PBXNativeTarget;
			buildConfigurationList = 0B8EC54F283707F00073F483 /* Build configuration list for PBXNativeTarget "Netflix Clone" */;
			buildPhases = (
				0B8EC537283707EF0073F483 /* Sources */,
				0B8EC538283707EF0073F483 /* Frameworks */,
				0B8EC539283707EF0073F483 /* Resources */,
			);
			buildRules = (
			);
			dependencies = (
			);
			name = "Netflix Clone";
			packageProductDependencies = (
				0B61118E28455C0D0055B48B /* SDWebImage */,
				0B61119028455C0D0055B48B /* SDWebImageMapKit */,
			);
			productName = "Netflix Clone";
			productReference = 0B8EC53B283707EF0073F483 /* Netflix Clone.app */;
			productType = "com.apple.product-type.application";
		};
/* End PBXNativeTarget section */

/* Begin PBXProject section */
		0B8EC533283707EF0073F483 /* Project object */ = {
			isa = PBXProject;
			attributes = {
				BuildIndependentTargetsInParallel = 1;
				LastSwiftUpdateCheck = 1330;
				LastUpgradeCheck = 1330;
				TargetAttributes = {
					0B8EC53A283707EF0073F483 = {
						CreatedOnToolsVersion = 13.3.1;
					};
				};
			};
			buildConfigurationList = 0B8EC536283707EF0073F483 /* Build configuration list for PBXProject "Netflix Clone" */;
			compatibilityVersion = "Xcode 13.0";
			developmentRegion = en;
			hasScannedForEncodings = 0;
			knownRegions = (
				en,
				Base,
			);
			mainGroup = 0B8EC532283707EF0073F483;
			packageReferences = (
				0B61118D28455C0D0055B48B /* XCRemoteSwiftPackageReference "SDWebImage" */,
			);
			productRefGroup = 0B8EC53C283707EF0073F483 /* Products */;
			projectDirPath = "";
			projectRoot = "";
			targets = (
				0B8EC53A283707EF0073F483 /* Netflix Clone */,
			);
		};
/* End PBXProject section */

/* Begin PBXResourcesBuildPhase section */
		0B8EC539283707EF0073F483 /* Resources */ = {
			isa = PBXResourcesBuildPhase;
			buildActionMask = 2147483647;
			files = (
				0B8EC54B283707F00073F483 /* LaunchScreen.storyboard in Resources */,
				0B8EC548283707F00073F483 /* Assets.xcassets in Resources */,
			);
			runOnlyForDeploymentPostprocessing = 0;
		};
/* End PBXResourcesBuildPhase section */

/* Begin PBXSourcesBuildPhase section */
		0B8EC537283707EF0073F483 /* Sources */ = {
			isa = PBXSourcesBuildPhase;
			buildActionMask = 2147483647;
			files = (
				0B9744BF284D67A300A23D24 /* TitleTableViewCell.swift in Sources */,
				0B8EC55828370DD30073F483 /* SearchViewController.swift in Sources */,
				0B61118C284559F70055B48B /* TitleCollectionViewCell.swift in Sources */,
				0B8EC543283707EF0073F483 /*  MainTabBarViewController.swift in Sources */,
				0BF74F43283C5280009E4569 /* CollectionViewTableViewCell.swift in Sources */,
				0BE6227928442445004226C3 /* APICaller.swift in Sources */,
				0B10F4C8283D977100F32C7D /* HeroHeaderUIView.swift in Sources */,
				0B8EC55A28370E000073F483 /* DownloadsViewController.swift in Sources */,
				0B8EC53F283707EF0073F483 /* AppDelegate.swift in Sources */,
				0B25674628554FEC00C14847 /* SearchResultsViewController.swift in Sources */,
				0BE6227D284430EC004226C3 /* Extensions.swift in Sources */,
				0B8EC541283707EF0073F483 /* SceneDelegate.swift in Sources */,
				0B8EC55628370D900073F483 /* UpcomingViewController.swift in Sources */,
				0BE6227B28442999004226C3 /* Title.swift in Sources */,
				0B8EC55428370D690073F483 /* HomeViewController.swift in Sources */,
				0B9744C1284D6BD500A23D24 /* TitleViewModel.swift in Sources */,
			);
			runOnlyForDeploymentPostprocessing = 0;
		};
/* End PBXSourcesBuildPhase section */

/* Begin PBXVariantGroup section */
		0B8EC549283707F00073F483 /* LaunchScreen.storyboard */ = {
			isa = PBXVariantGroup;
			children = (
				0B8EC54A283707F00073F483 /* Base */,
			);
			name = LaunchScreen.storyboard;
			sourceTree = "<group>";
		};
/* End PBXVariantGroup section */

/* Begin XCBuildConfiguration section */
		0B8EC54D283707F00073F483 /* Debug */ = {
			isa = XCBuildConfiguration;
			buildSettings = {
				ALWAYS_SEARCH_USER_PATHS = NO;
				CLANG_ANALYZER_NONNULL = YES;
				CLANG_ANALYZER_NUMBER_OBJECT_CONVERSION = YES_AGGRESSIVE;
				CLANG_CXX_LANGUAGE_STANDARD = "gnu++17";
				CLANG_ENABLE_MODULES = YES;
				CLANG_ENABLE_OBJC_ARC = YES;
				CLANG_ENABLE_OBJC_WEAK = YES;
				CLANG_WARN_BLOCK_CAPTURE_AUTORELEASING = YES;
				CLANG_WARN_BOOL_CONVERSION = YES;
				CLANG_WARN_COMMA = YES;
				CLANG_WARN_CONSTANT_CONVERSION = YES;
				CLANG_WARN_DEPRECATED_OBJC_IMPLEMENTATIONS = YES;
				CLANG_WARN_DIRECT_OBJC_ISA_USAGE = YES_ERROR;
				CLANG_WARN_DOCUMENTATION_COMMENTS = YES;
				CLANG_WARN_EMPTY_BODY = YES;
				CLANG_WARN_ENUM_CONVERSION = YES;
				CLANG_WARN_INFINITE_RECURSION = YES;
				CLANG_WARN_INT_CONVERSION = YES;
				CLANG_WARN_NON_LITERAL_NULL_CONVERSION = YES;
				CLANG_WARN_OBJC_IMPLICIT_RETAIN_SELF = YES;
				CLANG_WARN_OBJC_LITERAL_CONVERSION = YES;
				CLANG_WARN_OBJC_ROOT_CLASS = YES_ERROR;
				CLANG_WARN_QUOTED_INCLUDE_IN_FRAMEWORK_HEADER = YES;
				CLANG_WARN_RANGE_LOOP_ANALYSIS = YES;
				CLANG_WARN_STRICT_PROTOTYPES = YES;
				CLANG_WARN_SUSPICIOUS_MOVE = YES;
				CLANG_WARN_UNGUARDED_AVAILABILITY = YES_AGGRESSIVE;
				CLANG_WARN_UNREACHABLE_CODE = YES;
				CLANG_WARN__DUPLICATE_METHOD_MATCH = YES;
				COPY_PHASE_STRIP = NO;
				DEBUG_INFORMATION_FORMAT = dwarf;
				ENABLE_STRICT_OBJC_MSGSEND = YES;
				ENABLE_TESTABILITY = YES;
				GCC_C_LANGUAGE_STANDARD = gnu11;
				GCC_DYNAMIC_NO_PIC = NO;
				GCC_NO_COMMON_BLOCKS = YES;
				GCC_OPTIMIZATION_LEVEL = 0;
				GCC_PREPROCESSOR_DEFINITIONS = (
					"DEBUG=1",
					"$(inherited)",
				);
				GCC_WARN_64_TO_32_BIT_CONVERSION = YES;
				GCC_WARN_ABOUT_RETURN_TYPE = YES_ERROR;
				GCC_WARN_UNDECLARED_SELECTOR = YES;
				GCC_WARN_UNINITIALIZED_AUTOS = YES_AGGRESSIVE;
				GCC_WARN_UNUSED_FUNCTION = YES;
				GCC_WARN_UNUSED_VARIABLE = YES;
				IPHONEOS_DEPLOYMENT_TARGET = 15.4;
				MTL_ENABLE_DEBUG_INFO = INCLUDE_SOURCE;
				MTL_FAST_MATH = YES;
				ONLY_ACTIVE_ARCH = YES;
				SDKROOT = iphoneos;
				SWIFT_ACTIVE_COMPILATION_CONDITIONS = DEBUG;
				SWIFT_OPTIMIZATION_LEVEL = "-Onone";
			};
			name = Debug;
		};
		0B8EC54E283707F00073F483 /* Release */ = {
			isa = XCBuildConfiguration;
			buildSettings = {
				ALWAYS_SEARCH_USER_PATHS = NO;
				CLANG_ANALYZER_NONNULL = YES;
				CLANG_ANALYZER_NUMBER_OBJECT_CONVERSION = YES_AGGRESSIVE;
				CLANG_CXX_LANGUAGE_STANDARD = "gnu++17";
				CLANG_ENABLE_MODULES = YES;
				CLANG_ENABLE_OBJC_ARC = YES;
				CLANG_ENABLE_OBJC_WEAK = YES;
				CLANG_WARN_BLOCK_CAPTURE_AUTORELEASING = YES;
				CLANG_WARN_BOOL_CONVERSION = YES;
				CLANG_WARN_COMMA = YES;
				CLANG_WARN_CONSTANT_CONVERSION = YES;
				CLANG_WARN_DEPRECATED_OBJC_IMPLEMENTATIONS = YES;
				CLANG_WARN_DIRECT_OBJC_ISA_USAGE = YES_ERROR;
				CLANG_WARN_DOCUMENTATION_COMMENTS = YES;
				CLANG_WARN_EMPTY_BODY = YES;
				CLANG_WARN_ENUM_CONVERSION = YES;
				CLANG_WARN_INFINITE_RECURSION = YES;
				CLANG_WARN_INT_CONVERSION = YES;
				CLANG_WARN_NON_LITERAL_NULL_CONVERSION = YES;
				CLANG_WARN_OBJC_IMPLICIT_RETAIN_SELF = YES;
				CLANG_WARN_OBJC_LITERAL_CONVERSION = YES;
				CLANG_WARN_OBJC_ROOT_CLASS = YES_ERROR;
				CLANG_WARN_QUOTED_INCLUDE_IN_FRAMEWORK_HEADER = YES;
				CLANG_WARN_RANGE_LOOP_ANALYSIS = YES;
				CLANG_WARN_STRICT_PROTOTYPES = YES;
				CLANG_WARN_SUSPICIOUS_MOVE = YES;
				CLANG_WARN_UNGUARDED_AVAILABILITY = YES_AGGRESSIVE;
				CLANG_WARN_UNREACHABLE_CODE = YES;
				CLANG_WARN__DUPLICATE_METHOD_MATCH = YES;
				COPY_PHASE_STRIP = NO;
				DEBUG_INFORMATION_FORMAT = "dwarf-with-dsym";
				ENABLE_NS_ASSERTIONS = NO;
				ENABLE_STRICT_OBJC_MSGSEND = YES;
				GCC_C_LANGUAGE_STANDARD = gnu11;
				GCC_NO_COMMON_BLOCKS = YES;
				GCC_WARN_64_TO_32_BIT_CONVERSION = YES;
				GCC_WARN_ABOUT_RETURN_TYPE = YES_ERROR;
				GCC_WARN_UNDECLARED_SELECTOR = YES;
				GCC_WARN_UNINITIALIZED_AUTOS = YES_AGGRESSIVE;
				GCC_WARN_UNUSED_FUNCTION = YES;
				GCC_WARN_UNUSED_VARIABLE = YES;
				IPHONEOS_DEPLOYMENT_TARGET = 15.4;
				MTL_ENABLE_DEBUG_INFO = NO;
				MTL_FAST_MATH = YES;
				SDKROOT = iphoneos;
				SWIFT_COMPILATION_MODE = wholemodule;
				SWIFT_OPTIMIZATION_LEVEL = "-O";
				VALIDATE_PRODUCT = YES;
			};
			name = Release;
		};
		0B8EC550283707F00073F483 /* Debug */ = {
			isa = XCBuildConfiguration;
			buildSettings = {
				ASSETCATALOG_COMPILER_APPICON_NAME = AppIcon;
				ASSETCATALOG_COMPILER_GLOBAL_ACCENT_COLOR_NAME = AccentColor;
				CODE_SIGN_STYLE = Automatic;
				CURRENT_PROJECT_VERSION = 1;
				DEVELOPMENT_TEAM = V793P5G6UR;
				GENERATE_INFOPLIST_FILE = YES;
				INFOPLIST_FILE = "Netflix Clone/Info.plist";
				INFOPLIST_KEY_UIApplicationSupportsIndirectInputEvents = YES;
				INFOPLIST_KEY_UILaunchStoryboardName = LaunchScreen;
				INFOPLIST_KEY_UISupportedInterfaceOrientations_iPad = "UIInterfaceOrientationPortrait UIInterfaceOrientationPortraitUpsideDown UIInterfaceOrientationLandscapeLeft UIInterfaceOrientationLandscapeRight";
				INFOPLIST_KEY_UISupportedInterfaceOrientations_iPhone = "UIInterfaceOrientationPortrait UIInterfaceOrientationLandscapeLeft UIInterfaceOrientationLandscapeRight";
				LD_RUNPATH_SEARCH_PATHS = (
					"$(inherited)",
					"@executable_path/Frameworks",
				);
				MARKETING_VERSION = 1.0;
				PRODUCT_BUNDLE_IDENTIFIER = "ioannisGiannakidis.Netflix-Clone";
				PRODUCT_NAME = "$(TARGET_NAME)";
				SWIFT_EMIT_LOC_STRINGS = YES;
				SWIFT_VERSION = 5.0;
				TARGETED_DEVICE_FAMILY = "1,2";
			};
			name = Debug;
		};
		0B8EC551283707F00073F483 /* Release */ = {
			isa = XCBuildConfiguration;
			buildSettings = {
				ASSETCATALOG_COMPILER_APPICON_NAME = AppIcon;
				ASSETCATALOG_COMPILER_GLOBAL_ACCENT_COLOR_NAME = AccentColor;
				CODE_SIGN_STYLE = Automatic;
				CURRENT_PROJECT_VERSION = 1;
				DEVELOPMENT_TEAM = V793P5G6UR;
				GENERATE_INFOPLIST_FILE = YES;
				INFOPLIST_FILE = "Netflix Clone/Info.plist";
				INFOPLIST_KEY_UIApplicationSupportsIndirectInputEvents = YES;
				INFOPLIST_KEY_UILaunchStoryboardName = LaunchScreen;
				INFOPLIST_KEY_UISupportedInterfaceOrientations_iPad = "UIInterfaceOrientationPortrait UIInterfaceOrientationPortraitUpsideDown UIInterfaceOrientationLandscapeLeft UIInterfaceOrientationLandscapeRight";
				INFOPLIST_KEY_UISupportedInterfaceOrientations_iPhone = "UIInterfaceOrientationPortrait UIInterfaceOrientationLandscapeLeft UIInterfaceOrientationLandscapeRight";
				LD_RUNPATH_SEARCH_PATHS = (
					"$(inherited)",
					"@executable_path/Frameworks",
				);
				MARKETING_VERSION = 1.0;
				PRODUCT_BUNDLE_IDENTIFIER = "ioannisGiannakidis.Netflix-Clone";
				PRODUCT_NAME = "$(TARGET_NAME)";
				SWIFT_EMIT_LOC_STRINGS = YES;
				SWIFT_VERSION = 5.0;
				TARGETED_DEVICE_FAMILY = "1,2";
			};
			name = Release;
		};
/* End XCBuildConfiguration section */

/* Begin XCConfigurationList section */
		0B8EC536283707EF0073F483 /* Build configuration list for PBXProject "Netflix Clone" */ = {
			isa = XCConfigurationList;
			buildConfigurations = (
				0B8EC54D283707F00073F483 /* Debug */,
				0B8EC54E283707F00073F483 /* Release */,
			);
			defaultConfigurationIsVisible = 0;
			defaultConfigurationName = Release;
		};
		0B8EC54F283707F00073F483 /* Build configuration list for PBXNativeTarget "Netflix Clone" */ = {
			isa = XCConfigurationList;
			buildConfigurations = (
				0B8EC550283707F00073F483 /* Debug */,
				0B8EC551283707F00073F483 /* Release */,
			);
			defaultConfigurationIsVisible = 0;
			defaultConfigurationName = Release;
		};
/* End XCConfigurationList section */

/* Begin XCRemoteSwiftPackageReference section */
		0B61118D28455C0D0055B48B /* XCRemoteSwiftPackageReference "SDWebImage" */ = {
			isa = XCRemoteSwiftPackageReference;
			repositoryURL = "https://github.com/SDWebImage/SDWebImage.git";
			requirement = {
				kind = upToNextMajorVersion;
				minimumVersion = 5.0.0;
			};
		};
/* End XCRemoteSwiftPackageReference section */

/* Begin XCSwiftPackageProductDependency section */
		0B61118E28455C0D0055B48B /* SDWebImage */ = {
			isa = XCSwiftPackageProductDependency;
			package = 0B61118D28455C0D0055B48B /* XCRemoteSwiftPackageReference "SDWebImage" */;
			productName = SDWebImage;
		};
		0B61119028455C0D0055B48B /* SDWebImageMapKit */ = {
			isa = XCSwiftPackageProductDependency;
			package = 0B61118D28455C0D0055B48B /* XCRemoteSwiftPackageReference "SDWebImage" */;
			productName = SDWebImageMapKit;
		};
/* End XCSwiftPackageProductDependency section */
	};
	rootObject = 0B8EC533283707EF0073F483 /* Project object */;
}
